schema: '2.0'
stages:
  standalone_retriever:
    cmd: python ./evals/Component_level/0_retriever.py
    deps:
    - path: ./data/test_set.csv
      hash: md5
      md5: 94a8296eb1015bd1ba917993b363929c
      size: 134113
    - path: ./evals/Component_level/0_retriever.py
      hash: md5
      md5: 70d6e7b10313f869ce033e1260a1591d
      size: 7832
    params:
      params.yaml:
        standalone_retriever.PRECISION_THRESHOLD: 0.7
        standalone_retriever.RECALL_THRESHOLD: 0.7
        standalone_retriever.embeddings.model_name: amazon.titan-embed-text-v2:0
        standalone_retriever.enabled: false
        standalone_retriever.k: 3
        standalone_retriever.llm_model_id: deepseek.v3.2
        standalone_retriever.llm_temperature: 0.0
        standalone_retriever.models.region: us-east-1
        standalone_retriever.name: only_retriever_for_10_rows
        standalone_retriever.output: standalone_retriever_eval.csv
        standalone_retriever.region: us-east-1
        standalone_retriever.search_type: similarity
        standalone_retriever.test_set: sample_test_set.csv
        standalone_retriever.vector_store_collection_name: constitution_and_ipc
        standalone_retriever.vector_store_name: constitution_and_ipc.chroma
    outs:
    - path: ./data/standalone_retriever_eval.csv
      hash: md5
      md5: 81051bcc2cf1bedf378224b0a93e2877
      size: 2
  standalone_generator:
    cmd: python ./evals/Component_level/1_generator.py
    deps:
    - path: ./data/test_set.csv
      hash: md5
      md5: 94a8296eb1015bd1ba917993b363929c
      size: 134113
    - path: ./evals/Component_level/1_generator.py
      hash: md5
      md5: a72365c093d597bfae10ea813912005a
      size: 8927
    params:
      params.yaml:
        standalone_generator.ANSWER_RELEVANCY_THRESHOLD: 0.7
        standalone_generator.FAITHFULNESS_THRESHOLD: 0.7
        standalone_generator.embeddings.model_name: amazon.titan-embed-text-v2:0
        standalone_generator.enabled: false
        standalone_generator.k: 3
        standalone_generator.llm_model_id: deepseek.v3.2
        standalone_generator.llm_temperature: 0.0
        standalone_generator.models.region: us-east-1
        standalone_generator.name: only_generator_for_10_rows
        standalone_generator.output: standalone_generator_eval.csv
        standalone_generator.region: us-east-1
        standalone_generator.search_type: similarity
        standalone_generator.test_set: sample_test_set.csv
        standalone_generator.vector_store_collection_name: constitution_and_ipc
        standalone_generator.vector_store_name: constitution_and_ipc.chroma
    outs:
    - path: ./data/standalone_generator_eval.csv
      hash: md5
      md5: 81051bcc2cf1bedf378224b0a93e2877
      size: 2
  pipeline_eval:
    cmd: python ./evals/PipelineLevel/eval.py
    deps:
    - path: ./data/sub_set_test.csv
      hash: md5
      md5: 4131a72b22b02d4078933b784cc850b2
      size: 31714
    - path: ./evals/PipelineLevel/eval.py
      hash: md5
      md5: d0e2e63ddf7a523003018a9268a000b2
      size: 10597
    - path: ./src/workflow
      hash: md5
      md5: 04b2bce6651402b9bc58bc9da7c1b1fa.dir
      size: 242072
      nfiles: 27
    params:
      params.yaml:
        pipeline_eval.ANSWER_RELEVANCY_THRESHOLD: 0.7
        pipeline_eval.CONTEXTUAL_RELEVANCY_THRESHOLD: 0.7
        pipeline_eval.FAITHFULNESS_THRESHOLD: 0.7
        pipeline_eval.PRECISION_THRESHOLD: 0.7
        pipeline_eval.RECALL_THRESHOLD: 0.7
        pipeline_eval.embeddings.model_name: amazon.titan-embed-text-v2:0
        pipeline_eval.enabled: true
        pipeline_eval.k: 3
        pipeline_eval.llm_model_id: deepseek.v3.2
        pipeline_eval.llm_temperature: 0.0
        pipeline_eval.models.region: us-east-1
        pipeline_eval.name: sub_set_test
        pipeline_eval.output: pipeline_eval.csv
        pipeline_eval.region: us-east-1
        pipeline_eval.search_type: similarity
        pipeline_eval.test_set: sub_set_test.csv
        pipeline_eval.vector_store_collection_name: constitution_and_ipc
        pipeline_eval.vector_store_name: constitution_and_ipc.chroma
    outs:
    - path: ./data/pipeline_eval.csv
      hash: md5
      md5: 516ced0ceae15c5fd3d87275866e0c7f
      size: 69969
