schema: '2.0'
stages:
  standalone_retriever:
    cmd: python ./evals/Component_level/0_retriever.py
    deps:
    - path: ./data/sample_test_set.csv
      hash: md5
      md5: dbec4751ec269469fd2e2a323021a39f
      size: 1336
    - path: ./evals/Component_level/0_retriever.py
      hash: md5
      md5: 515bd3dcf4895cf8ce29a64ef086a99c
      size: 4539
    params:
      params.yaml:
        standalone_retriever.PRECISION_THRESHOLD: 0.7
        standalone_retriever.RECALL_THRESHOLD: 0.7
        standalone_retriever.embeddings.model_name: amazon.titan-embed-text-v2:0
        standalone_retriever.k: 3
        standalone_retriever.llm_model_id: deepseek.v3.2
        standalone_retriever.llm_temperature: 0.0
        standalone_retriever.models.region: us-east-1
        standalone_retriever.name: only_retriever(no query rewriting)
        standalone_retriever.output: standalone_retriever_eval.csv
        standalone_retriever.region: us-east-1
        standalone_retriever.search_type: similarity
        standalone_retriever.test_set: sample_test_set.csv
        standalone_retriever.vector_store_collection_name: constitution_and_ipc
        standalone_retriever.vector_store_name: constitution_and_ipc.chroma
    outs:
    - path: ./data/standalone_retriever_eval.csv
      hash: md5
      md5: 6071cd143259d220bcee20bcc90e7d6c
      size: 4629
  standalone_generator:
    cmd: python ./evals/Component_level/1_generator.py
    deps:
    - path: ./data/sample_test_set.csv
      hash: md5
      md5: dbec4751ec269469fd2e2a323021a39f
      size: 1336
    - path: ./evals/Component_level/1_generator.py
      hash: md5
      md5: 66ef284aa8fb743a0f0cd8734d87abc8
      size: 5202
    params:
      params.yaml:
        standalone_generator.ANSWER_RELEVANCY_THRESHOLD: 0.7
        standalone_generator.FAITHFULNESS_THRESHOLD: 0.7
        standalone_generator.embeddings.model_name: amazon.titan-embed-text-v2:0
        standalone_generator.k: 3
        standalone_generator.llm_model_id: deepseek.v3.2
        standalone_generator.llm_temperature: 0.0
        standalone_generator.models.region: us-east-1
        standalone_generator.name: only_generator
        standalone_generator.output: standalone_generator_eval.csv
        standalone_generator.region: us-east-1
        standalone_generator.search_type: similarity
        standalone_generator.test_set: sample_test_set.csv
        standalone_generator.vector_store_collection_name: constitution_and_ipc
        standalone_generator.vector_store_name: constitution_and_ipc.chroma
    outs:
    - path: ./data/standalone_generator_eval.csv
      hash: md5
      md5: 610ccede65c9482bd998943141c103b2
      size: 5541
